# This file was autogenerated by uv via the following command:
#    uv pip compile requirements.in
annotated-types==0.7.0
    # via pydantic
anyio==4.9.0
    # via starlette
appdirs==1.4.4
    # via python-escpos
argcomplete==3.6.2
    # via python-escpos
click==8.2.1
    # via uvicorn
fastapi==0.116.1
    # via -r requirements.in
h11==0.16.0
    # via uvicorn
idna==3.10
    # via anyio
importlib-resources==6.5.2
    # via python-escpos
pillow==11.3.0
    # via
    #   -r requirements.in
    #   python-escpos
pydantic==2.11.7
    # via fastapi
pydantic-core==2.33.2
    # via pydantic
python-barcode==0.15.1
    # via python-escpos
python-escpos==3.1
    # via -r requirements.in
python-multipart==0.0.20
    # via -r requirements.in
pyyaml==6.0.2
    # via python-escpos
qrcode==8.2
    # via python-escpos
setuptools==80.9.0
    # via python-escpos
six==1.17.0
    # via python-escpos
sniffio==1.3.1
    # via anyio
starlette==0.47.1
    # via fastapi
typing-extensions==4.14.1
    # via
    #   fastapi
    #   pydantic
    #   pydantic-core
    #   typing-inspection
typing-inspection==0.4.1
    # via pydantic
uvicorn==0.35.0
    # via -r requirements.in
